
Microsoft Visual Studio Solution File, Format Version 12.00
# Visual Studio 2012
Project("{FAE04EC0-301F-11D3-BF4B-00C04F79EFBC}") = "AutonomousVehicleApp", "AutonomousVehicleApp\AutonomousVehicleApp.csproj", "{173255A3-FBE9-4059-AE3D-254756D8F261}"
EndProject
Project("{FAE04EC0-301F-11D3-BF4B-00C04F79EFBC}") = "AutonomousVehicleApp.Droid", "Droid\AutonomousVehicleApp.Droid.csproj", "{4BDBB244-9409-4B58-88BB-F695E72C972D}"
EndProject
Project("{FAE04EC0-301F-11D3-BF4B-00C04F79EFBC}") = "AutonomousVehicleApp.iOS", "iOS\AutonomousVehicleApp.iOS.csproj", "{36E32597-905E-49A7-A636-498AF07E2CEA}"
EndProject
Global
	GlobalSection(SolutionConfigurationPlatforms) = preSolution
		Debug|Any CPU = Debug|Any CPU
		Release|Any CPU = Release|Any CPU
		Debug|iPhoneSimulator = Debug|iPhoneSimulator
		Release|iPhone = Release|iPhone
		Release|iPhoneSimulator = Release|iPhoneSimulator
		Debug|iPhone = Debug|iPhone
	EndGlobalSection
	GlobalSection(ProjectConfigurationPlatforms) = postSolution
		{173255A3-FBE9-4059-AE3D-254756D8F261}.Debug|Any CPU.ActiveCfg = Debug|Any CPU
		{173255A3-FBE9-4059-AE3D-254756D8F261}.Debug|Any CPU.Build.0 = Debug|Any CPU
		{173255A3-FBE9-4059-AE3D-254756D8F261}.Release|Any CPU.ActiveCfg = Release|Any CPU
		{173255A3-FBE9-4059-AE3D-254756D8F261}.Release|Any CPU.Build.0 = Release|Any CPU
		{173255A3-FBE9-4059-AE3D-254756D8F261}.Debug|iPhoneSimulator.ActiveCfg = Debug|Any CPU
		{173255A3-FBE9-4059-AE3D-254756D8F261}.Debug|iPhoneSimulator.Build.0 = Debug|Any CPU
		{173255A3-FBE9-4059-AE3D-254756D8F261}.Release|iPhone.ActiveCfg = Release|Any CPU
		{173255A3-FBE9-4059-AE3D-254756D8F261}.Release|iPhone.Build.0 = Release|Any CPU
		{173255A3-FBE9-4059-AE3D-254756D8F261}.Release|iPhoneSimulator.ActiveCfg = Release|Any CPU
		{173255A3-FBE9-4059-AE3D-254756D8F261}.Release|iPhoneSimulator.Build.0 = Release|Any CPU
		{173255A3-FBE9-4059-AE3D-254756D8F261}.Debug|iPhone.ActiveCfg = Debug|Any CPU
		{173255A3-FBE9-4059-AE3D-254756D8F261}.Debug|iPhone.Build.0 = Debug|Any CPU
		{4BDBB244-9409-4B58-88BB-F695E72C972D}.Debug|Any CPU.ActiveCfg = Debug|Any CPU
		{4BDBB244-9409-4B58-88BB-F695E72C972D}.Debug|Any CPU.Build.0 = Debug|Any CPU
		{4BDBB244-9409-4B58-88BB-F695E72C972D}.Release|Any CPU.ActiveCfg = Release|Any CPU
		{4BDBB244-9409-4B58-88BB-F695E72C972D}.Release|Any CPU.Build.0 = Release|Any CPU
		{4BDBB244-9409-4B58-88BB-F695E72C972D}.Debug|iPhoneSimulator.ActiveCfg = Debug|Any CPU
		{4BDBB244-9409-4B58-88BB-F695E72C972D}.Debug|iPhoneSimulator.Build.0 = Debug|Any CPU
		{4BDBB244-9409-4B58-88BB-F695E72C972D}.Release|iPhone.ActiveCfg = Release|Any CPU
		{4BDBB244-9409-4B58-88BB-F695E72C972D}.Release|iPhone.Build.0 = Release|Any CPU
		{4BDBB244-9409-4B58-88BB-F695E72C972D}.Release|iPhoneSimulator.ActiveCfg = Release|Any CPU
		{4BDBB244-9409-4B58-88BB-F695E72C972D}.Release|iPhoneSimulator.Build.0 = Release|Any CPU
		{4BDBB244-9409-4B58-88BB-F695E72C972D}.Debug|iPhone.ActiveCfg = Debug|Any CPU
		{4BDBB244-9409-4B58-88BB-F695E72C972D}.Debug|iPhone.Build.0 = Debug|Any CPU
		{36E32597-905E-49A7-A636-498AF07E2CEA}.Debug|Any CPU.ActiveCfg = Debug|iPhoneSimulator
		{36E32597-905E-49A7-A636-498AF07E2CEA}.Debug|Any CPU.Build.0 = Debug|iPhoneSimulator
		{36E32597-905E-49A7-A636-498AF07E2CEA}.Release|Any CPU.ActiveCfg = Release|iPhone
		{36E32597-905E-49A7-A636-498AF07E2CEA}.Release|Any CPU.Build.0 = Release|iPhone
		{36E32597-905E-49A7-A636-498AF07E2CEA}.Debug|iPhoneSimulator.ActiveCfg = Debug|iPhoneSimulator
		{36E32597-905E-49A7-A636-498AF07E2CEA}.Debug|iPhoneSimulator.Build.0 = Debug|iPhoneSimulator
		{36E32597-905E-49A7-A636-498AF07E2CEA}.Release|iPhone.ActiveCfg = Release|iPhone
		{36E32597-905E-49A7-A636-498AF07E2CEA}.Release|iPhone.Build.0 = Release|iPhone
		{36E32597-905E-49A7-A636-498AF07E2CEA}.Release|iPhoneSimulator.ActiveCfg = Release|iPhoneSimulator
		{36E32597-905E-49A7-A636-498AF07E2CEA}.Release|iPhoneSimulator.Build.0 = Release|iPhoneSimulator
		{36E32597-905E-49A7-A636-498AF07E2CEA}.Debug|iPhone.ActiveCfg = Debug|iPhone
		{36E32597-905E-49A7-A636-498AF07E2CEA}.Debug|iPhone.Build.0 = Debug|iPhone
	EndGlobalSection
EndGlobal
